// !$*UTF8*$!
{
	archiveVersion = 1;
	classes = {
	};
	objectVersion = 56;
	objects = {

/* Begin PBXBuildFile section */
		30B42A1BBB5E06C62B535AE0 /* Pods_financeapp.framework in Frameworks */ = {isa = PBXBuildFile; fileRef = 9B54B07A91033F51A5BAE107 /* Pods_financeapp.framework */; };
		E21441CB28F93A570066B030 /* CreateCategoryViewController.swift in Sources */ = {isa = PBXBuildFile; fileRef = E21441CA28F93A570066B030 /* CreateCategoryViewController.swift */; };
		E2176A1328F6E5A000F82C66 /* Extension + UIViewController.swift in Sources */ = {isa = PBXBuildFile; fileRef = E2176A1228F6E5A000F82C66 /* Extension + UIViewController.swift */; };
		E22CB78A28F8DF5C00B1F648 /* MainScreenTableViewController.swift in Sources */ = {isa = PBXBuildFile; fileRef = E22CB78928F8DF5C00B1F648 /* MainScreenTableViewController.swift */; };
		E251166E28F98B2F006546E7 /* TransactionCategoryModel.swift in Sources */ = {isa = PBXBuildFile; fileRef = E251166D28F98B2F006546E7 /* TransactionCategoryModel.swift */; };
		E26DB57E28F5966A00434A8A /* AppDelegate.swift in Sources */ = {isa = PBXBuildFile; fileRef = E26DB57D28F5966A00434A8A /* AppDelegate.swift */; };
		E26DB58028F5966A00434A8A /* SceneDelegate.swift in Sources */ = {isa = PBXBuildFile; fileRef = E26DB57F28F5966A00434A8A /* SceneDelegate.swift */; };
		E26DB58528F5966A00434A8A /* Main.storyboard in Resources */ = {isa = PBXBuildFile; fileRef = E26DB58328F5966A00434A8A /* Main.storyboard */; };
		E26DB58728F5966B00434A8A /* Assets.xcassets in Resources */ = {isa = PBXBuildFile; fileRef = E26DB58628F5966B00434A8A /* Assets.xcassets */; };
		E26DB58A28F5966B00434A8A /* LaunchScreen.storyboard in Resources */ = {isa = PBXBuildFile; fileRef = E26DB58828F5966B00434A8A /* LaunchScreen.storyboard */; };
		E27C7AE428F97EE3002AA5ED /* CreateCategoryViewModel.swift in Sources */ = {isa = PBXBuildFile; fileRef = E27C7AE328F97EE3002AA5ED /* CreateCategoryViewModel.swift */; };
		E2BEF78528F598E8002ECFC7 /* AddTransactionViewController.swift in Sources */ = {isa = PBXBuildFile; fileRef = E2BEF78428F598E8002ECFC7 /* AddTransactionViewController.swift */; };
		E2C80DE528F5C28B00234FD3 /* CategoryCollectionViewCell.swift in Sources */ = {isa = PBXBuildFile; fileRef = E2C80DE428F5C28B00234FD3 /* CategoryCollectionViewCell.swift */; };
		E2C80DE728F5C78600234FD3 /* AddTransactionViewModel.swift in Sources */ = {isa = PBXBuildFile; fileRef = E2C80DE628F5C78500234FD3 /* AddTransactionViewModel.swift */; };
		E2DB431528F9265F001FE45B /* SideMenuView.swift in Sources */ = {isa = PBXBuildFile; fileRef = E2DB431428F9265F001FE45B /* SideMenuView.swift */; };
		E2DB478728F9363A001FE45B /* SideMenuCellModel.swift in Sources */ = {isa = PBXBuildFile; fileRef = E2DB478628F9363A001FE45B /* SideMenuCellModel.swift */; };
		E2EB33CB28F8E85D00AF8642 /* TransactionTableViewCell.swift in Sources */ = {isa = PBXBuildFile; fileRef = E2EB33CA28F8E85D00AF8642 /* TransactionTableViewCell.swift */; };
		E2ECEB0628F5B2DA007F8B8E /* Extension + UITextField.swift in Sources */ = {isa = PBXBuildFile; fileRef = E2ECEB0528F5B2DA007F8B8E /* Extension + UITextField.swift */; };
/* End PBXBuildFile section */

/* Begin PBXFileReference section */
		0DC94F703A7878435FCCE5DA /* Pods-financeapp.debug.xcconfig */ = {isa = PBXFileReference; includeInIndex = 1; lastKnownFileType = text.xcconfig; name = "Pods-financeapp.debug.xcconfig"; path = "Target Support Files/Pods-financeapp/Pods-financeapp.debug.xcconfig"; sourceTree = "<group>"; };
		30E65331B2B244F5D1154702 /* Pods-financeapp.release.xcconfig */ = {isa = PBXFileReference; includeInIndex = 1; lastKnownFileType = text.xcconfig; name = "Pods-financeapp.release.xcconfig"; path = "Target Support Files/Pods-financeapp/Pods-financeapp.release.xcconfig"; sourceTree = "<group>"; };
		9B54B07A91033F51A5BAE107 /* Pods_financeapp.framework */ = {isa = PBXFileReference; explicitFileType = wrapper.framework; includeInIndex = 0; path = Pods_financeapp.framework; sourceTree = BUILT_PRODUCTS_DIR; };
		E21441CA28F93A570066B030 /* CreateCategoryViewController.swift */ = {isa = PBXFileReference; lastKnownFileType = sourcecode.swift; path = CreateCategoryViewController.swift; sourceTree = "<group>"; };
		E2176A1228F6E5A000F82C66 /* Extension + UIViewController.swift */ = {isa = PBXFileReference; lastKnownFileType = sourcecode.swift; path = "Extension + UIViewController.swift"; sourceTree = "<group>"; };
		E22CB78928F8DF5C00B1F648 /* MainScreenTableViewController.swift */ = {isa = PBXFileReference; lastKnownFileType = sourcecode.swift; path = MainScreenTableViewController.swift; sourceTree = "<group>"; };
		E251166D28F98B2F006546E7 /* TransactionCategoryModel.swift */ = {isa = PBXFileReference; lastKnownFileType = sourcecode.swift; path = TransactionCategoryModel.swift; sourceTree = "<group>"; };
		E26DB57A28F5966A00434A8A /* financeapp.app */ = {isa = PBXFileReference; explicitFileType = wrapper.application; includeInIndex = 0; path = financeapp.app; sourceTree = BUILT_PRODUCTS_DIR; };
		E26DB57D28F5966A00434A8A /* AppDelegate.swift */ = {isa = PBXFileReference; lastKnownFileType = sourcecode.swift; path = AppDelegate.swift; sourceTree = "<group>"; };
		E26DB57F28F5966A00434A8A /* SceneDelegate.swift */ = {isa = PBXFileReference; lastKnownFileType = sourcecode.swift; path = SceneDelegate.swift; sourceTree = "<group>"; };
		E26DB58428F5966A00434A8A /* Base */ = {isa = PBXFileReference; lastKnownFileType = file.storyboard; name = Base; path = Base.lproj/Main.storyboard; sourceTree = "<group>"; };
		E26DB58628F5966B00434A8A /* Assets.xcassets */ = {isa = PBXFileReference; lastKnownFileType = folder.assetcatalog; path = Assets.xcassets; sourceTree = "<group>"; };
		E26DB58928F5966B00434A8A /* Base */ = {isa = PBXFileReference; lastKnownFileType = file.storyboard; name = Base; path = Base.lproj/LaunchScreen.storyboard; sourceTree = "<group>"; };
		E26DB58B28F5966B00434A8A /* Info.plist */ = {isa = PBXFileReference; lastKnownFileType = text.plist.xml; path = Info.plist; sourceTree = "<group>"; };
		E27C7AE328F97EE3002AA5ED /* CreateCategoryViewModel.swift */ = {isa = PBXFileReference; lastKnownFileType = sourcecode.swift; path = CreateCategoryViewModel.swift; sourceTree = "<group>"; };
		E2BEF78428F598E8002ECFC7 /* AddTransactionViewController.swift */ = {isa = PBXFileReference; lastKnownFileType = sourcecode.swift; path = AddTransactionViewController.swift; sourceTree = "<group>"; };
		E2C80DE428F5C28B00234FD3 /* CategoryCollectionViewCell.swift */ = {isa = PBXFileReference; lastKnownFileType = sourcecode.swift; path = CategoryCollectionViewCell.swift; sourceTree = "<group>"; };
		E2C80DE628F5C78500234FD3 /* AddTransactionViewModel.swift */ = {isa = PBXFileReference; lastKnownFileType = sourcecode.swift; path = AddTransactionViewModel.swift; sourceTree = "<group>"; };
		E2DB431428F9265F001FE45B /* SideMenuView.swift */ = {isa = PBXFileReference; lastKnownFileType = sourcecode.swift; path = SideMenuView.swift; sourceTree = "<group>"; };
		E2DB478628F9363A001FE45B /* SideMenuCellModel.swift */ = {isa = PBXFileReference; lastKnownFileType = sourcecode.swift; path = SideMenuCellModel.swift; sourceTree = "<group>"; };
		E2EB33CA28F8E85D00AF8642 /* TransactionTableViewCell.swift */ = {isa = PBXFileReference; lastKnownFileType = sourcecode.swift; path = TransactionTableViewCell.swift; sourceTree = "<group>"; };
		E2ECEB0528F5B2DA007F8B8E /* Extension + UITextField.swift */ = {isa = PBXFileReference; lastKnownFileType = sourcecode.swift; path = "Extension + UITextField.swift"; sourceTree = "<group>"; };
/* End PBXFileReference section */

/* Begin PBXFrameworksBuildPhase section */
		E26DB57728F5966A00434A8A /* Frameworks */ = {
			isa = PBXFrameworksBuildPhase;
			buildActionMask = 2147483647;
			files = (
				30B42A1BBB5E06C62B535AE0 /* Pods_financeapp.framework in Frameworks */,
			);
			runOnlyForDeploymentPostprocessing = 0;
		};
/* End PBXFrameworksBuildPhase section */

/* Begin PBXGroup section */
		AFB8112A68832514E08454CB /* Pods */ = {
			isa = PBXGroup;
			children = (
				0DC94F703A7878435FCCE5DA /* Pods-financeapp.debug.xcconfig */,
				30E65331B2B244F5D1154702 /* Pods-financeapp.release.xcconfig */,
			);
			path = Pods;
			sourceTree = "<group>";
		};
		E0463B7062701229790FD4B5 /* Frameworks */ = {
			isa = PBXGroup;
			children = (
				9B54B07A91033F51A5BAE107 /* Pods_financeapp.framework */,
			);
			name = Frameworks;
			sourceTree = "<group>";
		};
		E21441CC28F93A5E0066B030 /* CreateCategory */ = {
			isa = PBXGroup;
			children = (
				E21441CA28F93A570066B030 /* CreateCategoryViewController.swift */,
				E27C7AE328F97EE3002AA5ED /* CreateCategoryViewModel.swift */,
			);
			path = CreateCategory;
			sourceTree = "<group>";
		};
		E22CB78B28F8DF6500B1F648 /* MainScreen */ = {
			isa = PBXGroup;
			children = (
				E22CB78928F8DF5C00B1F648 /* MainScreenTableViewController.swift */,
				E2EB33C928F8E83F00AF8642 /* Subviews */,
			);
			path = MainScreen;
			sourceTree = "<group>";
		};
		E26DB57128F5966A00434A8A = {
			isa = PBXGroup;
			children = (
				E26DB57C28F5966A00434A8A /* financeapp */,
				E26DB57B28F5966A00434A8A /* Products */,
				AFB8112A68832514E08454CB /* Pods */,
				E0463B7062701229790FD4B5 /* Frameworks */,
			);
			sourceTree = "<group>";
		};
		E26DB57B28F5966A00434A8A /* Products */ = {
			isa = PBXGroup;
			children = (
				E26DB57A28F5966A00434A8A /* financeapp.app */,
			);
			name = Products;
			sourceTree = "<group>";
		};
		E26DB57C28F5966A00434A8A /* financeapp */ = {
			isa = PBXGroup;
			children = (
				E2B5933428F5C0CA005041C6 /* ViewControllers */,
				E2B5933228F5C0B5005041C6 /* Storyboards */,
				E2DB478528F9361E001FE45B /* Models */,
				E2B5933328F5C0C1005041C6 /* Extensions */,
				E2B5933128F5C0AD005041C6 /* Resources */,
				E2B5933028F5C0A0005041C6 /* Application */,
			);
			path = financeapp;
			sourceTree = "<group>";
		};
		E2B5933028F5C0A0005041C6 /* Application */ = {
			isa = PBXGroup;
			children = (
				E26DB57D28F5966A00434A8A /* AppDelegate.swift */,
				E26DB57F28F5966A00434A8A /* SceneDelegate.swift */,
				E26DB58B28F5966B00434A8A /* Info.plist */,
			);
			path = Application;
			sourceTree = "<group>";
		};
		E2B5933128F5C0AD005041C6 /* Resources */ = {
			isa = PBXGroup;
			children = (
				E26DB58628F5966B00434A8A /* Assets.xcassets */,
			);
			path = Resources;
			sourceTree = "<group>";
		};
		E2B5933228F5C0B5005041C6 /* Storyboards */ = {
			isa = PBXGroup;
			children = (
				E26DB58328F5966A00434A8A /* Main.storyboard */,
				E26DB58828F5966B00434A8A /* LaunchScreen.storyboard */,
			);
			path = Storyboards;
			sourceTree = "<group>";
		};
		E2B5933328F5C0C1005041C6 /* Extensions */ = {
			isa = PBXGroup;
			children = (
				E2ECEB0528F5B2DA007F8B8E /* Extension + UITextField.swift */,
				E2176A1228F6E5A000F82C66 /* Extension + UIViewController.swift */,
			);
			path = Extensions;
			sourceTree = "<group>";
		};
		E2B5933428F5C0CA005041C6 /* ViewControllers */ = {
			isa = PBXGroup;
			children = (
				E22CB78B28F8DF6500B1F648 /* MainScreen */,
				E21441CC28F93A5E0066B030 /* CreateCategory */,
				E2C80DE028F5C25200234FD3 /* AddTransaction */,
			);
			path = ViewControllers;
			sourceTree = "<group>";
		};
		E2C80DE028F5C25200234FD3 /* AddTransaction */ = {
			isa = PBXGroup;
			children = (
				E2BEF78428F598E8002ECFC7 /* AddTransactionViewController.swift */,
				E2C80DE628F5C78500234FD3 /* AddTransactionViewModel.swift */,
				E2C80DE128F5C26600234FD3 /* SubViews */,
			);
			path = AddTransaction;
			sourceTree = "<group>";
		};
		E2C80DE128F5C26600234FD3 /* SubViews */ = {
			isa = PBXGroup;
			children = (
				E2C80DE428F5C28B00234FD3 /* CategoryCollectionViewCell.swift */,
			);
			path = SubViews;
			sourceTree = "<group>";
		};
		E2DB431828F93147001FE45B /* SideMenu */ = {
			isa = PBXGroup;
			children = (
				E2DB431428F9265F001FE45B /* SideMenuView.swift */,
			);
			path = SideMenu;
			sourceTree = "<group>";
		};
		E2DB478528F9361E001FE45B /* Models */ = {
			isa = PBXGroup;
			children = (
				E2DB478628F9363A001FE45B /* SideMenuCellModel.swift */,
				E251166D28F98B2F006546E7 /* TransactionCategoryModel.swift */,
			);
			path = Models;
			sourceTree = "<group>";
		};
		E2EB33C928F8E83F00AF8642 /* Subviews */ = {
			isa = PBXGroup;
			children = (
				E2EB33CA28F8E85D00AF8642 /* TransactionTableViewCell.swift */,
				E2DB431828F93147001FE45B /* SideMenu */,
			);
			path = Subviews;
			sourceTree = "<group>";
		};
/* End PBXGroup section */

/* Begin PBXNativeTarget section */
		E26DB57928F5966A00434A8A /* financeapp */ = {
			isa = PBXNativeTarget;
			buildConfigurationList = E26DB58E28F5966B00434A8A /* Build configuration list for PBXNativeTarget "financeapp" */;
			buildPhases = (
				2104703ED62CF7131C915952 /* [CP] Check Pods Manifest.lock */,
				E26DB57628F5966A00434A8A /* Sources */,
				E26DB57728F5966A00434A8A /* Frameworks */,
				E26DB57828F5966A00434A8A /* Resources */,
				46217AE342117B7D0D859B9A /* [CP] Embed Pods Frameworks */,
			);
			buildRules = (
			);
			dependencies = (
			);
			name = financeapp;
			productName = financeapp;
			productReference = E26DB57A28F5966A00434A8A /* financeapp.app */;
			productType = "com.apple.product-type.application";
		};
/* End PBXNativeTarget section */

/* Begin PBXProject section */
		E26DB57228F5966A00434A8A /* Project object */ = {
			isa = PBXProject;
			attributes = {
				BuildIndependentTargetsInParallel = 1;
				LastSwiftUpdateCheck = 1400;
				LastUpgradeCheck = 1400;
				TargetAttributes = {
					E26DB57928F5966A00434A8A = {
						CreatedOnToolsVersion = 14.0;
					};
				};
			};
			buildConfigurationList = E26DB57528F5966A00434A8A /* Build configuration list for PBXProject "financeapp" */;
			compatibilityVersion = "Xcode 14.0";
			developmentRegion = en;
			hasScannedForEncodings = 0;
			knownRegions = (
				en,
				Base,
			);
			mainGroup = E26DB57128F5966A00434A8A;
			productRefGroup = E26DB57B28F5966A00434A8A /* Products */;
			projectDirPath = "";
			projectRoot = "";
			targets = (
				E26DB57928F5966A00434A8A /* financeapp */,
			);
		};
/* End PBXProject section */

/* Begin PBXResourcesBuildPhase section */
		E26DB57828F5966A00434A8A /* Resources */ = {
			isa = PBXResourcesBuildPhase;
			buildActionMask = 2147483647;
			files = (
				E26DB58A28F5966B00434A8A /* LaunchScreen.storyboard in Resources */,
				E26DB58728F5966B00434A8A /* Assets.xcassets in Resources */,
				E26DB58528F5966A00434A8A /* Main.storyboard in Resources */,
			);
			runOnlyForDeploymentPostprocessing = 0;
		};
/* End PBXResourcesBuildPhase section */

/* Begin PBXShellScriptBuildPhase section */
		2104703ED62CF7131C915952 /* [CP] Check Pods Manifest.lock */ = {
			isa = PBXShellScriptBuildPhase;
			buildActionMask = 2147483647;
			files = (
			);
			inputFileListPaths = (
			);
			inputPaths = (
				"${PODS_PODFILE_DIR_PATH}/Podfile.lock",
				"${PODS_ROOT}/Manifest.lock",
			);
			name = "[CP] Check Pods Manifest.lock";
			outputFileListPaths = (
			);
			outputPaths = (
				"$(DERIVED_FILE_DIR)/Pods-financeapp-checkManifestLockResult.txt",
			);
			runOnlyForDeploymentPostprocessing = 0;
			shellPath = /bin/sh;
			shellScript = "diff \"${PODS_PODFILE_DIR_PATH}/Podfile.lock\" \"${PODS_ROOT}/Manifest.lock\" > /dev/null\nif [ $? != 0 ] ; then\n    # print error to STDERR\n    echo \"error: The sandbox is not in sync with the Podfile.lock. Run 'pod install' or update your CocoaPods installation.\" >&2\n    exit 1\nfi\n# This output is used by Xcode 'outputs' to avoid re-running this script phase.\necho \"SUCCESS\" > \"${SCRIPT_OUTPUT_FILE_0}\"\n";
			showEnvVarsInLog = 0;
		};
		46217AE342117B7D0D859B9A /* [CP] Embed Pods Frameworks */ = {
			isa = PBXShellScriptBuildPhase;
			buildActionMask = 2147483647;
			files = (
			);
			inputFileListPaths = (
				"${PODS_ROOT}/Target Support Files/Pods-financeapp/Pods-financeapp-frameworks-${CONFIGURATION}-input-files.xcfilelist",
			);
			name = "[CP] Embed Pods Frameworks";
			outputFileListPaths = (
				"${PODS_ROOT}/Target Support Files/Pods-financeapp/Pods-financeapp-frameworks-${CONFIGURATION}-output-files.xcfilelist",
			);
			runOnlyForDeploymentPostprocessing = 0;
			shellPath = /bin/sh;
			shellScript = "\"${PODS_ROOT}/Target Support Files/Pods-financeapp/Pods-financeapp-frameworks.sh\"\n";
			showEnvVarsInLog = 0;
		};
/* End PBXShellScriptBuildPhase section */

/* Begin PBXSourcesBuildPhase section */
		E26DB57628F5966A00434A8A /* Sources */ = {
			isa = PBXSourcesBuildPhase;
			buildActionMask = 2147483647;
			files = (
				E2ECEB0628F5B2DA007F8B8E /* Extension + UITextField.swift in Sources */,
				E2176A1328F6E5A000F82C66 /* Extension + UIViewController.swift in Sources */,
				E251166E28F98B2F006546E7 /* TransactionCategoryModel.swift in Sources */,
				E22CB78A28F8DF5C00B1F648 /* MainScreenTableViewController.swift in Sources */,
				E2C80DE728F5C78600234FD3 /* AddTransactionViewModel.swift in Sources */,
				E27C7AE428F97EE3002AA5ED /* CreateCategoryViewModel.swift in Sources */,
				E26DB57E28F5966A00434A8A /* AppDelegate.swift in Sources */,
				E26DB58028F5966A00434A8A /* SceneDelegate.swift in Sources */,
				E21441CB28F93A570066B030 /* CreateCategoryViewController.swift in Sources */,
				E2C80DE528F5C28B00234FD3 /* CategoryCollectionViewCell.swift in Sources */,
				E2DB431528F9265F001FE45B /* SideMenuView.swift in Sources */,
				E2EB33CB28F8E85D00AF8642 /* TransactionTableViewCell.swift in Sources */,
				E2DB478728F9363A001FE45B /* SideMenuCellModel.swift in Sources */,
				E2BEF78528F598E8002ECFC7 /* AddTransactionViewController.swift in Sources */,
			);
			runOnlyForDeploymentPostprocessing = 0;
		};
/* End PBXSourcesBuildPhase section */

/* Begin PBXVariantGroup section */
		E26DB58328F5966A00434A8A /* Main.storyboard */ = {
			isa = PBXVariantGroup;
			children = (
				E26DB58428F5966A00434A8A /* Base */,
			);
			name = Main.storyboard;
			sourceTree = "<group>";
		};
		E26DB58828F5966B00434A8A /* LaunchScreen.storyboard */ = {
			isa = PBXVariantGroup;
			children = (
				E26DB58928F5966B00434A8A /* Base */,
			);
			name = LaunchScreen.storyboard;
			sourceTree = "<group>";
		};
/* End PBXVariantGroup section */

/* Begin XCBuildConfiguration section */
		E26DB58C28F5966B00434A8A /* Debug */ = {
			isa = XCBuildConfiguration;
			buildSettings = {
				ALWAYS_SEARCH_USER_PATHS = NO;
				CLANG_ANALYZER_NONNULL = YES;
				CLANG_ANALYZER_NUMBER_OBJECT_CONVERSION = YES_AGGRESSIVE;
				CLANG_CXX_LANGUAGE_STANDARD = "gnu++20";
				CLANG_ENABLE_MODULES = YES;
				CLANG_ENABLE_OBJC_ARC = YES;
				CLANG_ENABLE_OBJC_WEAK = YES;
				CLANG_WARN_BLOCK_CAPTURE_AUTORELEASING = YES;
				CLANG_WARN_BOOL_CONVERSION = YES;
				CLANG_WARN_COMMA = YES;
				CLANG_WARN_CONSTANT_CONVERSION = YES;
				CLANG_WARN_DEPRECATED_OBJC_IMPLEMENTATIONS = YES;
				CLANG_WARN_DIRECT_OBJC_ISA_USAGE = YES_ERROR;
				CLANG_WARN_DOCUMENTATION_COMMENTS = YES;
				CLANG_WARN_EMPTY_BODY = YES;
				CLANG_WARN_ENUM_CONVERSION = YES;
				CLANG_WARN_INFINITE_RECURSION = YES;
				CLANG_WARN_INT_CONVERSION = YES;
				CLANG_WARN_NON_LITERAL_NULL_CONVERSION = YES;
				CLANG_WARN_OBJC_IMPLICIT_RETAIN_SELF = YES;
				CLANG_WARN_OBJC_LITERAL_CONVERSION = YES;
				CLANG_WARN_OBJC_ROOT_CLASS = YES_ERROR;
				CLANG_WARN_QUOTED_INCLUDE_IN_FRAMEWORK_HEADER = YES;
				CLANG_WARN_RANGE_LOOP_ANALYSIS = YES;
				CLANG_WARN_STRICT_PROTOTYPES = YES;
				CLANG_WARN_SUSPICIOUS_MOVE = YES;
				CLANG_WARN_UNGUARDED_AVAILABILITY = YES_AGGRESSIVE;
				CLANG_WARN_UNREACHABLE_CODE = YES;
				CLANG_WARN__DUPLICATE_METHOD_MATCH = YES;
				COPY_PHASE_STRIP = NO;
				DEBUG_INFORMATION_FORMAT = dwarf;
				ENABLE_STRICT_OBJC_MSGSEND = YES;
				ENABLE_TESTABILITY = YES;
				GCC_C_LANGUAGE_STANDARD = gnu11;
				GCC_DYNAMIC_NO_PIC = NO;
				GCC_NO_COMMON_BLOCKS = YES;
				GCC_OPTIMIZATION_LEVEL = 0;
				GCC_PREPROCESSOR_DEFINITIONS = (
					"DEBUG=1",
					"$(inherited)",
				);
				GCC_WARN_64_TO_32_BIT_CONVERSION = YES;
				GCC_WARN_ABOUT_RETURN_TYPE = YES_ERROR;
				GCC_WARN_UNDECLARED_SELECTOR = YES;
				GCC_WARN_UNINITIALIZED_AUTOS = YES_AGGRESSIVE;
				GCC_WARN_UNUSED_FUNCTION = YES;
				GCC_WARN_UNUSED_VARIABLE = YES;
				IPHONEOS_DEPLOYMENT_TARGET = 13.4;
				MTL_ENABLE_DEBUG_INFO = INCLUDE_SOURCE;
				MTL_FAST_MATH = YES;
				ONLY_ACTIVE_ARCH = YES;
				SDKROOT = iphoneos;
				SWIFT_ACTIVE_COMPILATION_CONDITIONS = DEBUG;
				SWIFT_OPTIMIZATION_LEVEL = "-Onone";
			};
			name = Debug;
		};
		E26DB58D28F5966B00434A8A /* Release */ = {
			isa = XCBuildConfiguration;
			buildSettings = {
				ALWAYS_SEARCH_USER_PATHS = NO;
				CLANG_ANALYZER_NONNULL = YES;
				CLANG_ANALYZER_NUMBER_OBJECT_CONVERSION = YES_AGGRESSIVE;
				CLANG_CXX_LANGUAGE_STANDARD = "gnu++20";
				CLANG_ENABLE_MODULES = YES;
				CLANG_ENABLE_OBJC_ARC = YES;
				CLANG_ENABLE_OBJC_WEAK = YES;
				CLANG_WARN_BLOCK_CAPTURE_AUTORELEASING = YES;
				CLANG_WARN_BOOL_CONVERSION = YES;
				CLANG_WARN_COMMA = YES;
				CLANG_WARN_CONSTANT_CONVERSION = YES;
				CLANG_WARN_DEPRECATED_OBJC_IMPLEMENTATIONS = YES;
				CLANG_WARN_DIRECT_OBJC_ISA_USAGE = YES_ERROR;
				CLANG_WARN_DOCUMENTATION_COMMENTS = YES;
				CLANG_WARN_EMPTY_BODY = YES;
				CLANG_WARN_ENUM_CONVERSION = YES;
				CLANG_WARN_INFINITE_RECURSION = YES;
				CLANG_WARN_INT_CONVERSION = YES;
				CLANG_WARN_NON_LITERAL_NULL_CONVERSION = YES;
				CLANG_WARN_OBJC_IMPLICIT_RETAIN_SELF = YES;
				CLANG_WARN_OBJC_LITERAL_CONVERSION = YES;
				CLANG_WARN_OBJC_ROOT_CLASS = YES_ERROR;
				CLANG_WARN_QUOTED_INCLUDE_IN_FRAMEWORK_HEADER = YES;
				CLANG_WARN_RANGE_LOOP_ANALYSIS = YES;
				CLANG_WARN_STRICT_PROTOTYPES = YES;
				CLANG_WARN_SUSPICIOUS_MOVE = YES;
				CLANG_WARN_UNGUARDED_AVAILABILITY = YES_AGGRESSIVE;
				CLANG_WARN_UNREACHABLE_CODE = YES;
				CLANG_WARN__DUPLICATE_METHOD_MATCH = YES;
				COPY_PHASE_STRIP = NO;
				DEBUG_INFORMATION_FORMAT = "dwarf-with-dsym";
				ENABLE_NS_ASSERTIONS = NO;
				ENABLE_STRICT_OBJC_MSGSEND = YES;
				GCC_C_LANGUAGE_STANDARD = gnu11;
				GCC_NO_COMMON_BLOCKS = YES;
				GCC_WARN_64_TO_32_BIT_CONVERSION = YES;
				GCC_WARN_ABOUT_RETURN_TYPE = YES_ERROR;
				GCC_WARN_UNDECLARED_SELECTOR = YES;
				GCC_WARN_UNINITIALIZED_AUTOS = YES_AGGRESSIVE;
				GCC_WARN_UNUSED_FUNCTION = YES;
				GCC_WARN_UNUSED_VARIABLE = YES;
				IPHONEOS_DEPLOYMENT_TARGET = 13.4;
				MTL_ENABLE_DEBUG_INFO = NO;
				MTL_FAST_MATH = YES;
				SDKROOT = iphoneos;
				SWIFT_COMPILATION_MODE = wholemodule;
				SWIFT_OPTIMIZATION_LEVEL = "-O";
				VALIDATE_PRODUCT = YES;
			};
			name = Release;
		};
		E26DB58F28F5966B00434A8A /* Debug */ = {
			isa = XCBuildConfiguration;
			baseConfigurationReference = 0DC94F703A7878435FCCE5DA /* Pods-financeapp.debug.xcconfig */;
			buildSettings = {
				ASSETCATALOG_COMPILER_APPICON_NAME = AppIcon;
				ASSETCATALOG_COMPILER_GLOBAL_ACCENT_COLOR_NAME = AccentColor;
				CODE_SIGN_STYLE = Automatic;
				CURRENT_PROJECT_VERSION = 1;
				DEVELOPMENT_TEAM = BYFTVC42WF;
				GENERATE_INFOPLIST_FILE = YES;
				INFOPLIST_FILE = financeapp/Application/Info.plist;
				INFOPLIST_KEY_UIApplicationSupportsIndirectInputEvents = YES;
				INFOPLIST_KEY_UILaunchStoryboardName = LaunchScreen;
				INFOPLIST_KEY_UIMainStoryboardFile = Main;
				INFOPLIST_KEY_UISupportedInterfaceOrientations_iPad = "UIInterfaceOrientationPortrait UIInterfaceOrientationPortraitUpsideDown UIInterfaceOrientationLandscapeLeft UIInterfaceOrientationLandscapeRight";
				INFOPLIST_KEY_UISupportedInterfaceOrientations_iPhone = "UIInterfaceOrientationPortrait UIInterfaceOrientationLandscapeLeft UIInterfaceOrientationLandscapeRight";
				IPHONEOS_DEPLOYMENT_TARGET = 14.0;
				LD_RUNPATH_SEARCH_PATHS = (
					"$(inherited)",
					"@executable_path/Frameworks",
				);
				MARKETING_VERSION = 1.0;
				PRODUCT_BUNDLE_IDENTIFIER = BrinyPiny.financeapp;
				PRODUCT_NAME = "$(TARGET_NAME)";
				SWIFT_EMIT_LOC_STRINGS = YES;
				SWIFT_VERSION = 5.0;
				TARGETED_DEVICE_FAMILY = "1,2";
			};
			name = Debug;
		};
		E26DB59028F5966B00434A8A /* Release */ = {
			isa = XCBuildConfiguration;
			baseConfigurationReference = 30E65331B2B244F5D1154702 /* Pods-financeapp.release.xcconfig */;
			buildSettings = {
				ASSETCATALOG_COMPILER_APPICON_NAME = AppIcon;
				ASSETCATALOG_COMPILER_GLOBAL_ACCENT_COLOR_NAME = AccentColor;
				CODE_SIGN_STYLE = Automatic;
				CURRENT_PROJECT_VERSION = 1;
				DEVELOPMENT_TEAM = BYFTVC42WF;
				GENERATE_INFOPLIST_FILE = YES;
				INFOPLIST_FILE = financeapp/Application/Info.plist;
				INFOPLIST_KEY_UIApplicationSupportsIndirectInputEvents = YES;
				INFOPLIST_KEY_UILaunchStoryboardName = LaunchScreen;
				INFOPLIST_KEY_UIMainStoryboardFile = Main;
				INFOPLIST_KEY_UISupportedInterfaceOrientations_iPad = "UIInterfaceOrientationPortrait UIInterfaceOrientationPortraitUpsideDown UIInterfaceOrientationLandscapeLeft UIInterfaceOrientationLandscapeRight";
				INFOPLIST_KEY_UISupportedInterfaceOrientations_iPhone = "UIInterfaceOrientationPortrait UIInterfaceOrientationLandscapeLeft UIInterfaceOrientationLandscapeRight";
				IPHONEOS_DEPLOYMENT_TARGET = 14.0;
				LD_RUNPATH_SEARCH_PATHS = (
					"$(inherited)",
					"@executable_path/Frameworks",
				);
				MARKETING_VERSION = 1.0;
				PRODUCT_BUNDLE_IDENTIFIER = BrinyPiny.financeapp;
				PRODUCT_NAME = "$(TARGET_NAME)";
				SWIFT_EMIT_LOC_STRINGS = YES;
				SWIFT_VERSION = 5.0;
				TARGETED_DEVICE_FAMILY = "1,2";
			};
			name = Release;
		};
/* End XCBuildConfiguration section */

/* Begin XCConfigurationList section */
		E26DB57528F5966A00434A8A /* Build configuration list for PBXProject "financeapp" */ = {
			isa = XCConfigurationList;
			buildConfigurations = (
				E26DB58C28F5966B00434A8A /* Debug */,
				E26DB58D28F5966B00434A8A /* Release */,
			);
			defaultConfigurationIsVisible = 0;
			defaultConfigurationName = Release;
		};
		E26DB58E28F5966B00434A8A /* Build configuration list for PBXNativeTarget "financeapp" */ = {
			isa = XCConfigurationList;
			buildConfigurations = (
				E26DB58F28F5966B00434A8A /* Debug */,
				E26DB59028F5966B00434A8A /* Release */,
			);
			defaultConfigurationIsVisible = 0;
			defaultConfigurationName = Release;
		};
/* End XCConfigurationList section */
	};
	rootObject = E26DB57228F5966A00434A8A /* Project object */;
}
